
Microsoft Visual Studio Solution File, Format Version 12.00
Project("{FAE04EC0-301F-11D3-BF4B-00C04F79EFBC}") = "Ecommerce3.Domain", "Ecommerce3.Domain\Ecommerce3.Domain.csproj", "{F2F863D6-04C8-4FE6-8FE4-4EAFFB0908D3}"
EndProject
Project("{FAE04EC0-301F-11D3-BF4B-00C04F79EFBC}") = "Ecommerce3.Admin", "Ecommerce3.Admin\Ecommerce3.Admin.csproj", "{C391C62A-5896-4357-A971-65625DD5D597}"
EndProject
Project("{FAE04EC0-301F-11D3-BF4B-00C04F79EFBC}") = "Ecommerce3.Store", "Ecommerce3.Store\Ecommerce3.Store.csproj", "{ADB3E833-252C-4E21-9FF7-0EFF2BE0A5C0}"
EndProject
Project("{FAE04EC0-301F-11D3-BF4B-00C04F79EFBC}") = "Ecommerce3.Application", "Ecommerce3.Application\Ecommerce3.Application.csproj", "{1C36B787-9AE8-4E2D-91C8-9CB87C1FF009}"
EndProject
Project("{FAE04EC0-301F-11D3-BF4B-00C04F79EFBC}") = "Ecommerce3.Infrastructure", "Ecommerce3.Infrastructure\Ecommerce3.Infrastructure.csproj", "{129849A3-ACE4-4A82-A985-634AB96DE61C}"
EndProject
Project("{FAE04EC0-301F-11D3-BF4B-00C04F79EFBC}") = "Ecommerce3.Contracts", "Ecommerce3.Contracts\Ecommerce3.Contracts.csproj", "{2F4CB494-1D9B-4596-841A-7CB6AC2128F8}"
EndProject
Global
	GlobalSection(SolutionConfigurationPlatforms) = preSolution
		Debug|Any CPU = Debug|Any CPU
		Release|Any CPU = Release|Any CPU
	EndGlobalSection
	GlobalSection(ProjectConfigurationPlatforms) = postSolution
		{F2F863D6-04C8-4FE6-8FE4-4EAFFB0908D3}.Debug|Any CPU.ActiveCfg = Debug|Any CPU
		{F2F863D6-04C8-4FE6-8FE4-4EAFFB0908D3}.Debug|Any CPU.Build.0 = Debug|Any CPU
		{F2F863D6-04C8-4FE6-8FE4-4EAFFB0908D3}.Release|Any CPU.ActiveCfg = Release|Any CPU
		{F2F863D6-04C8-4FE6-8FE4-4EAFFB0908D3}.Release|Any CPU.Build.0 = Release|Any CPU
		{C391C62A-5896-4357-A971-65625DD5D597}.Debug|Any CPU.ActiveCfg = Debug|Any CPU
		{C391C62A-5896-4357-A971-65625DD5D597}.Debug|Any CPU.Build.0 = Debug|Any CPU
		{C391C62A-5896-4357-A971-65625DD5D597}.Release|Any CPU.ActiveCfg = Release|Any CPU
		{C391C62A-5896-4357-A971-65625DD5D597}.Release|Any CPU.Build.0 = Release|Any CPU
		{ADB3E833-252C-4E21-9FF7-0EFF2BE0A5C0}.Debug|Any CPU.ActiveCfg = Debug|Any CPU
		{ADB3E833-252C-4E21-9FF7-0EFF2BE0A5C0}.Debug|Any CPU.Build.0 = Debug|Any CPU
		{ADB3E833-252C-4E21-9FF7-0EFF2BE0A5C0}.Release|Any CPU.ActiveCfg = Release|Any CPU
		{ADB3E833-252C-4E21-9FF7-0EFF2BE0A5C0}.Release|Any CPU.Build.0 = Release|Any CPU
		{1C36B787-9AE8-4E2D-91C8-9CB87C1FF009}.Debug|Any CPU.ActiveCfg = Debug|Any CPU
		{1C36B787-9AE8-4E2D-91C8-9CB87C1FF009}.Debug|Any CPU.Build.0 = Debug|Any CPU
		{1C36B787-9AE8-4E2D-91C8-9CB87C1FF009}.Release|Any CPU.ActiveCfg = Release|Any CPU
		{1C36B787-9AE8-4E2D-91C8-9CB87C1FF009}.Release|Any CPU.Build.0 = Release|Any CPU
		{129849A3-ACE4-4A82-A985-634AB96DE61C}.Debug|Any CPU.ActiveCfg = Debug|Any CPU
		{129849A3-ACE4-4A82-A985-634AB96DE61C}.Debug|Any CPU.Build.0 = Debug|Any CPU
		{129849A3-ACE4-4A82-A985-634AB96DE61C}.Release|Any CPU.ActiveCfg = Release|Any CPU
		{129849A3-ACE4-4A82-A985-634AB96DE61C}.Release|Any CPU.Build.0 = Release|Any CPU
		{2F4CB494-1D9B-4596-841A-7CB6AC2128F8}.Debug|Any CPU.ActiveCfg = Debug|Any CPU
		{2F4CB494-1D9B-4596-841A-7CB6AC2128F8}.Debug|Any CPU.Build.0 = Debug|Any CPU
		{2F4CB494-1D9B-4596-841A-7CB6AC2128F8}.Release|Any CPU.ActiveCfg = Release|Any CPU
		{2F4CB494-1D9B-4596-841A-7CB6AC2128F8}.Release|Any CPU.Build.0 = Release|Any CPU
	EndGlobalSection
EndGlobal
