
Microsoft Visual Studio Solution File, Format Version 12.00
Project("{FAE04EC0-301F-11D3-BF4B-00C04F79EFBC}") = "Ecommerce3.Domain", "Ecommerce3.Domain\Ecommerce3.Domain.csproj", "{F2F863D6-04C8-4FE6-8FE4-4EAFFB0908D3}"
EndProject
Project("{FAE04EC0-301F-11D3-BF4B-00C04F79EFBC}") = "Ecommerce3.Data", "Ecommerce3.Data\Ecommerce3.Data.csproj", "{7B11004D-0409-468D-8D96-7969396D4090}"
EndProject
Global
	GlobalSection(SolutionConfigurationPlatforms) = preSolution
		Debug|Any CPU = Debug|Any CPU
		Release|Any CPU = Release|Any CPU
	EndGlobalSection
	GlobalSection(ProjectConfigurationPlatforms) = postSolution
		{F2F863D6-04C8-4FE6-8FE4-4EAFFB0908D3}.Debug|Any CPU.ActiveCfg = Debug|Any CPU
		{F2F863D6-04C8-4FE6-8FE4-4EAFFB0908D3}.Debug|Any CPU.Build.0 = Debug|Any CPU
		{F2F863D6-04C8-4FE6-8FE4-4EAFFB0908D3}.Release|Any CPU.ActiveCfg = Release|Any CPU
		{F2F863D6-04C8-4FE6-8FE4-4EAFFB0908D3}.Release|Any CPU.Build.0 = Release|Any CPU
		{7B11004D-0409-468D-8D96-7969396D4090}.Debug|Any CPU.ActiveCfg = Debug|Any CPU
		{7B11004D-0409-468D-8D96-7969396D4090}.Debug|Any CPU.Build.0 = Debug|Any CPU
		{7B11004D-0409-468D-8D96-7969396D4090}.Release|Any CPU.ActiveCfg = Release|Any CPU
		{7B11004D-0409-468D-8D96-7969396D4090}.Release|Any CPU.Build.0 = Release|Any CPU
	EndGlobalSection
EndGlobal
